
Microsoft Visual Studio Solution File, Format Version 12.00
# Visual Studio Version 16
VisualStudioVersion = 16.0.29519.87
MinimumVisualStudioVersion = 10.0.40219.1
Project("{9A19103F-16F7-4668-BE54-9A1E7A4F7556}") = "AspNetCoreMVC", "AspNetCoreMVC.csproj", "{4310958D-435A-4404-AC4F-B5E12D665518}"
EndProject
Global
	GlobalSection(SolutionConfigurationPlatforms) = preSolution
		Debug|Any CPU = Debug|Any CPU
		Release|Any CPU = Release|Any CPU
	EndGlobalSection
	GlobalSection(ProjectConfigurationPlatforms) = postSolution
		{4310958D-435A-4404-AC4F-B5E12D665518}.Debug|Any CPU.ActiveCfg = Debug|Any CPU
		{4310958D-435A-4404-AC4F-B5E12D665518}.Debug|Any CPU.Build.0 = Debug|Any CPU
		{4310958D-435A-4404-AC4F-B5E12D665518}.Release|Any CPU.ActiveCfg = Release|Any CPU
		{4310958D-435A-4404-AC4F-B5E12D665518}.Release|Any CPU.Build.0 = Release|Any CPU
	EndGlobalSection
	GlobalSection(SolutionProperties) = preSolution
		HideSolutionNode = FALSE
	EndGlobalSection
	GlobalSection(ExtensibilityGlobals) = postSolution
		SolutionGuid = {A9507BF5-01A4-4AC7-BAB2-7175C6FC9671}
	EndGlobalSection
EndGlobal
